
Microsoft Visual Studio Solution File, Format Version 12.00
# Visual Studio Version 17
VisualStudioVersion = 17.8.34511.84
MinimumVisualStudioVersion = 10.0.40219.1
Project("{FAE04EC0-301F-11D3-BF4B-00C04F79EFBC}") = "MorePiles", "MorePiles.csproj", "{38E5AF3C-F7C6-4BE7-8122-98A7228B40D3}"
EndProject
Project("{FAE04EC0-301F-11D3-BF4B-00C04F79EFBC}") = "CakeBuild", "CakeBuild\CakeBuild.csproj", "{28A29ADF-5B5C-42E7-BB5A-3ED98FE85E61}"
EndProject
Project("{FAE04EC0-301F-11D3-BF4B-00C04F79EFBC}") = "MorePilesWithSticks", "MorePilesWithSticks.csproj", "{10C4C50F-A372-41FB-B86D-3B5375A3F30A}"
EndProject
Global
	GlobalSection(SolutionConfigurationPlatforms) = preSolution
		Debug|Any CPU = Debug|Any CPU
		Release|Any CPU = Release|Any CPU
	EndGlobalSection
	GlobalSection(ProjectConfigurationPlatforms) = postSolution
		{38E5AF3C-F7C6-4BE7-8122-98A7228B40D3}.Debug|Any CPU.ActiveCfg = Debug|Any CPU
		{38E5AF3C-F7C6-4BE7-8122-98A7228B40D3}.Debug|Any CPU.Build.0 = Debug|Any CPU
		{38E5AF3C-F7C6-4BE7-8122-98A7228B40D3}.Release|Any CPU.ActiveCfg = Release|Any CPU
		{38E5AF3C-F7C6-4BE7-8122-98A7228B40D3}.Release|Any CPU.Build.0 = Release|Any CPU
		{28A29ADF-5B5C-42E7-BB5A-3ED98FE85E61}.Debug|Any CPU.ActiveCfg = Debug|Any CPU
		{28A29ADF-5B5C-42E7-BB5A-3ED98FE85E61}.Debug|Any CPU.Build.0 = Debug|Any CPU
		{28A29ADF-5B5C-42E7-BB5A-3ED98FE85E61}.Release|Any CPU.ActiveCfg = Release|Any CPU
		{28A29ADF-5B5C-42E7-BB5A-3ED98FE85E61}.Release|Any CPU.Build.0 = Release|Any CPU
		{10C4C50F-A372-41FB-B86D-3B5375A3F30A}.Debug|Any CPU.ActiveCfg = Debug|Any CPU
		{10C4C50F-A372-41FB-B86D-3B5375A3F30A}.Debug|Any CPU.Build.0 = Debug|Any CPU
		{10C4C50F-A372-41FB-B86D-3B5375A3F30A}.Release|Any CPU.ActiveCfg = Release|Any CPU
		{10C4C50F-A372-41FB-B86D-3B5375A3F30A}.Release|Any CPU.Build.0 = Release|Any CPU
	EndGlobalSection
	GlobalSection(SolutionProperties) = preSolution
		HideSolutionNode = FALSE
	EndGlobalSection
	GlobalSection(ExtensibilityGlobals) = postSolution
		SolutionGuid = {7856310A-76F0-485F-8981-C6327DAEA70F}
	EndGlobalSection
EndGlobal
